
Microsoft Visual Studio Solution File, Format Version 12.00
# Visual Studio 2012
Project("{FAE04EC0-301F-11D3-BF4B-00C04F79EFBC}") = "WebP.Touch", "WebP.Touch\WebP.Touch.csproj", "{E8CFC707-7A4D-4C0E-9B33-19C1FCF3F773}"
EndProject
Project("{FAE04EC0-301F-11D3-BF4B-00C04F79EFBC}") = "Demo", "Demo\Demo.csproj", "{46277AF2-499E-4F14-9831-FBBFFA2B513C}"
EndProject
Global
	GlobalSection(SolutionConfigurationPlatforms) = preSolution
		Debug|Any CPU = Debug|Any CPU
		Release|Any CPU = Release|Any CPU
		Debug|iPhoneSimulator = Debug|iPhoneSimulator
		Release|iPhoneSimulator = Release|iPhoneSimulator
		Debug|iPhone = Debug|iPhone
		Release|iPhone = Release|iPhone
		Ad-Hoc|iPhone = Ad-Hoc|iPhone
		AppStore|iPhone = AppStore|iPhone
	EndGlobalSection
	GlobalSection(ProjectConfigurationPlatforms) = postSolution
		{46277AF2-499E-4F14-9831-FBBFFA2B513C}.Ad-Hoc|iPhone.ActiveCfg = Ad-Hoc|iPhone
		{46277AF2-499E-4F14-9831-FBBFFA2B513C}.Ad-Hoc|iPhone.Build.0 = Ad-Hoc|iPhone
		{46277AF2-499E-4F14-9831-FBBFFA2B513C}.AppStore|iPhone.ActiveCfg = AppStore|iPhone
		{46277AF2-499E-4F14-9831-FBBFFA2B513C}.AppStore|iPhone.Build.0 = AppStore|iPhone
		{46277AF2-499E-4F14-9831-FBBFFA2B513C}.Debug|Any CPU.ActiveCfg = Debug|iPhoneSimulator
		{46277AF2-499E-4F14-9831-FBBFFA2B513C}.Debug|Any CPU.Build.0 = Debug|iPhoneSimulator
		{46277AF2-499E-4F14-9831-FBBFFA2B513C}.Debug|iPhone.ActiveCfg = Debug|iPhone
		{46277AF2-499E-4F14-9831-FBBFFA2B513C}.Debug|iPhone.Build.0 = Debug|iPhone
		{46277AF2-499E-4F14-9831-FBBFFA2B513C}.Debug|iPhoneSimulator.ActiveCfg = Debug|iPhoneSimulator
		{46277AF2-499E-4F14-9831-FBBFFA2B513C}.Debug|iPhoneSimulator.Build.0 = Debug|iPhoneSimulator
		{46277AF2-499E-4F14-9831-FBBFFA2B513C}.Release|Any CPU.ActiveCfg = Release|iPhoneSimulator
		{46277AF2-499E-4F14-9831-FBBFFA2B513C}.Release|Any CPU.Build.0 = Release|iPhoneSimulator
		{46277AF2-499E-4F14-9831-FBBFFA2B513C}.Release|iPhone.ActiveCfg = Release|iPhone
		{46277AF2-499E-4F14-9831-FBBFFA2B513C}.Release|iPhone.Build.0 = Release|iPhone
		{46277AF2-499E-4F14-9831-FBBFFA2B513C}.Release|iPhoneSimulator.ActiveCfg = Release|iPhoneSimulator
		{46277AF2-499E-4F14-9831-FBBFFA2B513C}.Release|iPhoneSimulator.Build.0 = Release|iPhoneSimulator
		{E8CFC707-7A4D-4C0E-9B33-19C1FCF3F773}.Ad-Hoc|iPhone.ActiveCfg = Debug|Any CPU
		{E8CFC707-7A4D-4C0E-9B33-19C1FCF3F773}.Ad-Hoc|iPhone.Build.0 = Debug|Any CPU
		{E8CFC707-7A4D-4C0E-9B33-19C1FCF3F773}.AppStore|iPhone.ActiveCfg = Debug|Any CPU
		{E8CFC707-7A4D-4C0E-9B33-19C1FCF3F773}.AppStore|iPhone.Build.0 = Debug|Any CPU
		{E8CFC707-7A4D-4C0E-9B33-19C1FCF3F773}.Debug|Any CPU.ActiveCfg = Debug|Any CPU
		{E8CFC707-7A4D-4C0E-9B33-19C1FCF3F773}.Debug|Any CPU.Build.0 = Debug|Any CPU
		{E8CFC707-7A4D-4C0E-9B33-19C1FCF3F773}.Debug|iPhone.ActiveCfg = Debug|Any CPU
		{E8CFC707-7A4D-4C0E-9B33-19C1FCF3F773}.Debug|iPhone.Build.0 = Debug|Any CPU
		{E8CFC707-7A4D-4C0E-9B33-19C1FCF3F773}.Debug|iPhoneSimulator.ActiveCfg = Debug|Any CPU
		{E8CFC707-7A4D-4C0E-9B33-19C1FCF3F773}.Debug|iPhoneSimulator.Build.0 = Debug|Any CPU
		{E8CFC707-7A4D-4C0E-9B33-19C1FCF3F773}.Release|Any CPU.ActiveCfg = Release|Any CPU
		{E8CFC707-7A4D-4C0E-9B33-19C1FCF3F773}.Release|Any CPU.Build.0 = Release|Any CPU
		{E8CFC707-7A4D-4C0E-9B33-19C1FCF3F773}.Release|iPhone.ActiveCfg = Release|Any CPU
		{E8CFC707-7A4D-4C0E-9B33-19C1FCF3F773}.Release|iPhone.Build.0 = Release|Any CPU
		{E8CFC707-7A4D-4C0E-9B33-19C1FCF3F773}.Release|iPhoneSimulator.ActiveCfg = Release|Any CPU
		{E8CFC707-7A4D-4C0E-9B33-19C1FCF3F773}.Release|iPhoneSimulator.Build.0 = Release|Any CPU
	EndGlobalSection
EndGlobal
