// !$*UTF8*$!
{
	archiveVersion = 1;
	classes = {
	};
	objectVersion = 48;
	objects = {

/* Begin PBXBuildFile section */
		6540016E1FDAC16100BC697B /* WebPDecoder.h in Headers */ = {isa = PBXBuildFile; fileRef = 6540016C1FDAC16100BC697B /* WebPDecoder.h */; };
		6540016F1FDAC16100BC697B /* WebPDecoder.m in Sources */ = {isa = PBXBuildFile; fileRef = 6540016D1FDAC16100BC697B /* WebPDecoder.m */; };
		654001721FDAC1B200BC697B /* WebP.framework in Frameworks */ = {isa = PBXBuildFile; fileRef = 654001711FDAC1B200BC697B /* WebP.framework */; };
		654001741FDAC20200BC697B /* Foundation.framework in Frameworks */ = {isa = PBXBuildFile; fileRef = 654001731FDAC20200BC697B /* Foundation.framework */; };
		654001761FDAC21200BC697B /* CoreGraphics.framework in Frameworks */ = {isa = PBXBuildFile; fileRef = 654001751FDAC21200BC697B /* CoreGraphics.framework */; };
		654001781FDAC25900BC697B /* AppKit.framework in Frameworks */ = {isa = PBXBuildFile; fileRef = 654001771FDAC25900BC697B /* AppKit.framework */; };
		6540017B1FDAC57700BC697B /* decode.h in Headers */ = {isa = PBXBuildFile; fileRef = 654001791FDAC57600BC697B /* decode.h */; settings = {ATTRIBUTES = (Private, ); }; };
		6540017C1FDAC57700BC697B /* types.h in Headers */ = {isa = PBXBuildFile; fileRef = 6540017A1FDAC57600BC697B /* types.h */; settings = {ATTRIBUTES = (Private, ); }; };
/* End PBXBuildFile section */

/* Begin PBXFileReference section */
		654001631FDAC0B200BC697B /* libWebPWrapper.a */ = {isa = PBXFileReference; explicitFileType = archive.ar; includeInIndex = 0; path = libWebPWrapper.a; sourceTree = BUILT_PRODUCTS_DIR; };
		6540016C1FDAC16100BC697B /* WebPDecoder.h */ = {isa = PBXFileReference; fileEncoding = 4; lastKnownFileType = sourcecode.c.h; name = WebPDecoder.h; path = WebPWrapper/WebPDecoder.h; sourceTree = SOURCE_ROOT; };
		6540016D1FDAC16100BC697B /* WebPDecoder.m */ = {isa = PBXFileReference; fileEncoding = 4; lastKnownFileType = sourcecode.c.objc; name = WebPDecoder.m; path = WebPWrapper/WebPDecoder.m; sourceTree = SOURCE_ROOT; };
		654001711FDAC1B200BC697B /* WebP.framework */ = {isa = PBXFileReference; lastKnownFileType = wrapper.framework; name = WebP.framework; path = WebPWrapper/WebP.framework; sourceTree = "<group>"; };
		654001731FDAC20200BC697B /* Foundation.framework */ = {isa = PBXFileReference; lastKnownFileType = wrapper.framework; name = Foundation.framework; path = System/Library/Frameworks/Foundation.framework; sourceTree = SDKROOT; };
		654001751FDAC21200BC697B /* CoreGraphics.framework */ = {isa = PBXFileReference; lastKnownFileType = wrapper.framework; name = CoreGraphics.framework; path = System/Library/Frameworks/CoreGraphics.framework; sourceTree = SDKROOT; };
		654001771FDAC25900BC697B /* AppKit.framework */ = {isa = PBXFileReference; lastKnownFileType = wrapper.framework; name = AppKit.framework; path = System/Library/Frameworks/AppKit.framework; sourceTree = SDKROOT; };
		654001791FDAC57600BC697B /* decode.h */ = {isa = PBXFileReference; lastKnownFileType = sourcecode.c.h; name = decode.h; path = WebPWrapper/WebP.framework/Headers/decode.h; sourceTree = "<group>"; };
		6540017A1FDAC57600BC697B /* types.h */ = {isa = PBXFileReference; lastKnownFileType = sourcecode.c.h; name = types.h; path = WebPWrapper/WebP.framework/Headers/types.h; sourceTree = "<group>"; };
/* End PBXFileReference section */

/* Begin PBXFrameworksBuildPhase section */
		652886FF1FDABFD800968015 /* Frameworks */ = {
			isa = PBXFrameworksBuildPhase;
			buildActionMask = 2147483647;
			files = (
				654001721FDAC1B200BC697B /* WebP.framework in Frameworks */,
				654001741FDAC20200BC697B /* Foundation.framework in Frameworks */,
				654001761FDAC21200BC697B /* CoreGraphics.framework in Frameworks */,
				654001781FDAC25900BC697B /* AppKit.framework in Frameworks */,
			);
			runOnlyForDeploymentPostprocessing = 0;
		};
/* End PBXFrameworksBuildPhase section */

/* Begin PBXGroup section */
		652886F91FDABFD800968015 = {
			isa = PBXGroup;
			children = (
				654001791FDAC57600BC697B /* decode.h */,
				6540017A1FDAC57600BC697B /* types.h */,
				6540016B1FDAC14700BC697B /* WebPWrapper */,
				654001631FDAC0B200BC697B /* libWebPWrapper.a */,
				654001701FDAC1B200BC697B /* Frameworks */,
			);
			sourceTree = "<group>";
		};
		6540016B1FDAC14700BC697B /* WebPWrapper */ = {
			isa = PBXGroup;
			children = (
				6540016C1FDAC16100BC697B /* WebPDecoder.h */,
				6540016D1FDAC16100BC697B /* WebPDecoder.m */,
			);
			path = WebPWrapper;
			sourceTree = "<group>";
		};
		654001701FDAC1B200BC697B /* Frameworks */ = {
			isa = PBXGroup;
			children = (
				654001711FDAC1B200BC697B /* WebP.framework */,
				654001771FDAC25900BC697B /* AppKit.framework */,
				654001751FDAC21200BC697B /* CoreGraphics.framework */,
				654001731FDAC20200BC697B /* Foundation.framework */,
			);
			name = Frameworks;
			sourceTree = "<group>";
		};
/* End PBXGroup section */

/* Begin PBXHeadersBuildPhase section */
		652887001FDABFD800968015 /* Headers */ = {
			isa = PBXHeadersBuildPhase;
			buildActionMask = 2147483647;
			files = (
				6540017B1FDAC57700BC697B /* decode.h in Headers */,
				6540017C1FDAC57700BC697B /* types.h in Headers */,
				6540016E1FDAC16100BC697B /* WebPDecoder.h in Headers */,
			);
			runOnlyForDeploymentPostprocessing = 0;
		};
/* End PBXHeadersBuildPhase section */

/* Begin PBXNativeTarget section */
		652887011FDABFD800968015 /* WebPWrapper */ = {
			isa = PBXNativeTarget;
			buildConfigurationList = 652887061FDABFD800968015 /* Build configuration list for PBXNativeTarget "WebPWrapper" */;
			buildPhases = (
				652886FE1FDABFD800968015 /* Sources */,
				652886FF1FDABFD800968015 /* Frameworks */,
				652887001FDABFD800968015 /* Headers */,
			);
			buildRules = (
			);
			dependencies = (
			);
			name = WebPWrapper;
			productName = WebPWrapper;
			productReference = 654001631FDAC0B200BC697B /* libWebPWrapper.a */;
			productType = "com.apple.product-type.library.static";
		};
/* End PBXNativeTarget section */

/* Begin PBXProject section */
		652886FA1FDABFD800968015 /* Project object */ = {
			isa = PBXProject;
			attributes = {
				LastUpgradeCheck = 0920;
				ORGANIZATIONNAME = Daniel;
				TargetAttributes = {
					652887011FDABFD800968015 = {
						CreatedOnToolsVersion = 9.2;
						ProvisioningStyle = Automatic;
					};
				};
			};
			buildConfigurationList = 652886FD1FDABFD800968015 /* Build configuration list for PBXProject "WebPWrapper" */;
			compatibilityVersion = "Xcode 8.0";
			developmentRegion = en;
			hasScannedForEncodings = 0;
			knownRegions = (
				en,
			);
			mainGroup = 652886F91FDABFD800968015;
			productRefGroup = 652886F91FDABFD800968015;
			projectDirPath = "";
			projectRoot = "";
			targets = (
				652887011FDABFD800968015 /* WebPWrapper */,
			);
		};
/* End PBXProject section */

/* Begin PBXSourcesBuildPhase section */
		652886FE1FDABFD800968015 /* Sources */ = {
			isa = PBXSourcesBuildPhase;
			buildActionMask = 2147483647;
			files = (
				6540016F1FDAC16100BC697B /* WebPDecoder.m in Sources */,
			);
			runOnlyForDeploymentPostprocessing = 0;
		};
/* End PBXSourcesBuildPhase section */

/* Begin XCBuildConfiguration section */
		652887041FDABFD800968015 /* Debug */ = {
			isa = XCBuildConfiguration;
			buildSettings = {
				ALWAYS_SEARCH_USER_PATHS = NO;
				CLANG_ANALYZER_NONNULL = YES;
				CLANG_ANALYZER_NUMBER_OBJECT_CONVERSION = YES_AGGRESSIVE;
				CLANG_CXX_LANGUAGE_STANDARD = "gnu++14";
				CLANG_CXX_LIBRARY = "libc++";
				CLANG_ENABLE_MODULES = YES;
				CLANG_ENABLE_OBJC_ARC = YES;
				CLANG_WARN_BLOCK_CAPTURE_AUTORELEASING = YES;
				CLANG_WARN_BOOL_CONVERSION = YES;
				CLANG_WARN_COMMA = YES;
				CLANG_WARN_CONSTANT_CONVERSION = YES;
				CLANG_WARN_DIRECT_OBJC_ISA_USAGE = YES_ERROR;
				CLANG_WARN_DOCUMENTATION_COMMENTS = YES;
				CLANG_WARN_EMPTY_BODY = YES;
				CLANG_WARN_ENUM_CONVERSION = YES;
				CLANG_WARN_INFINITE_RECURSION = YES;
				CLANG_WARN_INT_CONVERSION = YES;
				CLANG_WARN_NON_LITERAL_NULL_CONVERSION = YES;
				CLANG_WARN_OBJC_LITERAL_CONVERSION = YES;
				CLANG_WARN_OBJC_ROOT_CLASS = YES_ERROR;
				CLANG_WARN_RANGE_LOOP_ANALYSIS = YES;
				CLANG_WARN_STRICT_PROTOTYPES = YES;
				CLANG_WARN_SUSPICIOUS_MOVE = YES;
				CLANG_WARN_UNGUARDED_AVAILABILITY = YES_AGGRESSIVE;
				CLANG_WARN_UNREACHABLE_CODE = YES;
				CLANG_WARN__DUPLICATE_METHOD_MATCH = YES;
				CODE_SIGN_IDENTITY = "-";
				COPY_PHASE_STRIP = NO;
				DEBUG_INFORMATION_FORMAT = dwarf;
				ENABLE_STRICT_OBJC_MSGSEND = YES;
				ENABLE_TESTABILITY = YES;
				GCC_C_LANGUAGE_STANDARD = gnu11;
				GCC_DYNAMIC_NO_PIC = NO;
				GCC_NO_COMMON_BLOCKS = YES;
				GCC_OPTIMIZATION_LEVEL = 0;
				GCC_PREPROCESSOR_DEFINITIONS = (
					"DEBUG=1",
					"$(inherited)",
				);
				GCC_WARN_64_TO_32_BIT_CONVERSION = YES;
				GCC_WARN_ABOUT_RETURN_TYPE = YES_ERROR;
				GCC_WARN_UNDECLARED_SELECTOR = YES;
				GCC_WARN_UNINITIALIZED_AUTOS = YES_AGGRESSIVE;
				GCC_WARN_UNUSED_FUNCTION = YES;
				GCC_WARN_UNUSED_VARIABLE = YES;
				MACOSX_DEPLOYMENT_TARGET = 10.12;
				MTL_ENABLE_DEBUG_INFO = YES;
				ONLY_ACTIVE_ARCH = YES;
				SDKROOT = macosx;
			};
			name = Debug;
		};
		652887051FDABFD800968015 /* Release */ = {
			isa = XCBuildConfiguration;
			buildSettings = {
				ALWAYS_SEARCH_USER_PATHS = NO;
				CLANG_ANALYZER_NONNULL = YES;
				CLANG_ANALYZER_NUMBER_OBJECT_CONVERSION = YES_AGGRESSIVE;
				CLANG_CXX_LANGUAGE_STANDARD = "gnu++14";
				CLANG_CXX_LIBRARY = "libc++";
				CLANG_ENABLE_MODULES = YES;
				CLANG_ENABLE_OBJC_ARC = YES;
				CLANG_WARN_BLOCK_CAPTURE_AUTORELEASING = YES;
				CLANG_WARN_BOOL_CONVERSION = YES;
				CLANG_WARN_COMMA = YES;
				CLANG_WARN_CONSTANT_CONVERSION = YES;
				CLANG_WARN_DIRECT_OBJC_ISA_USAGE = YES_ERROR;
				CLANG_WARN_DOCUMENTATION_COMMENTS = YES;
				CLANG_WARN_EMPTY_BODY = YES;
				CLANG_WARN_ENUM_CONVERSION = YES;
				CLANG_WARN_INFINITE_RECURSION = YES;
				CLANG_WARN_INT_CONVERSION = YES;
				CLANG_WARN_NON_LITERAL_NULL_CONVERSION = YES;
				CLANG_WARN_OBJC_LITERAL_CONVERSION = YES;
				CLANG_WARN_OBJC_ROOT_CLASS = YES_ERROR;
				CLANG_WARN_RANGE_LOOP_ANALYSIS = YES;
				CLANG_WARN_STRICT_PROTOTYPES = YES;
				CLANG_WARN_SUSPICIOUS_MOVE = YES;
				CLANG_WARN_UNGUARDED_AVAILABILITY = YES_AGGRESSIVE;
				CLANG_WARN_UNREACHABLE_CODE = YES;
				CLANG_WARN__DUPLICATE_METHOD_MATCH = YES;
				CODE_SIGN_IDENTITY = "-";
				COPY_PHASE_STRIP = NO;
				DEBUG_INFORMATION_FORMAT = "dwarf-with-dsym";
				ENABLE_NS_ASSERTIONS = NO;
				ENABLE_STRICT_OBJC_MSGSEND = YES;
				GCC_C_LANGUAGE_STANDARD = gnu11;
				GCC_NO_COMMON_BLOCKS = YES;
				GCC_WARN_64_TO_32_BIT_CONVERSION = YES;
				GCC_WARN_ABOUT_RETURN_TYPE = YES_ERROR;
				GCC_WARN_UNDECLARED_SELECTOR = YES;
				GCC_WARN_UNINITIALIZED_AUTOS = YES_AGGRESSIVE;
				GCC_WARN_UNUSED_FUNCTION = YES;
				GCC_WARN_UNUSED_VARIABLE = YES;
				MACOSX_DEPLOYMENT_TARGET = 10.12;
				MTL_ENABLE_DEBUG_INFO = NO;
				SDKROOT = macosx;
			};
			name = Release;
		};
		652887071FDABFD800968015 /* Debug */ = {
			isa = XCBuildConfiguration;
			buildSettings = {
				CODE_SIGN_STYLE = Automatic;
				EXECUTABLE_PREFIX = lib;
				FRAMEWORK_SEARCH_PATHS = (
					"$(inherited)",
					"$(PROJECT_DIR)/WebPWrapper",
				);
				PRODUCT_NAME = "$(TARGET_NAME)";
			};
			name = Debug;
		};
		652887081FDABFD800968015 /* Release */ = {
			isa = XCBuildConfiguration;
			buildSettings = {
				CODE_SIGN_STYLE = Automatic;
				EXECUTABLE_PREFIX = lib;
				FRAMEWORK_SEARCH_PATHS = (
					"$(inherited)",
					"$(PROJECT_DIR)/WebPWrapper",
				);
				PRODUCT_NAME = "$(TARGET_NAME)";
			};
			name = Release;
		};
/* End XCBuildConfiguration section */

/* Begin XCConfigurationList section */
		652886FD1FDABFD800968015 /* Build configuration list for PBXProject "WebPWrapper" */ = {
			isa = XCConfigurationList;
			buildConfigurations = (
				652887041FDABFD800968015 /* Debug */,
				652887051FDABFD800968015 /* Release */,
			);
			defaultConfigurationIsVisible = 0;
			defaultConfigurationName = Release;
		};
		652887061FDABFD800968015 /* Build configuration list for PBXNativeTarget "WebPWrapper" */ = {
			isa = XCConfigurationList;
			buildConfigurations = (
				652887071FDABFD800968015 /* Debug */,
				652887081FDABFD800968015 /* Release */,
			);
			defaultConfigurationIsVisible = 0;
			defaultConfigurationName = Release;
		};
/* End XCConfigurationList section */
	};
	rootObject = 652886FA1FDABFD800968015 /* Project object */;
}
